{
  "name": "test",
  "version": "1.0.0",
  "lockfileVersion": 1,
  "requires": true,
  "dependencies": {
    "@adsk/cde-localization": {
      "version": "3.9.1",
      "resolved": "https://art-bobcat.autodesk.com:443/artifactory/api/npm/autodesk-npm/@adsk/cde-localization/-/@adsk/cde-localization-3.9.1.tgz",
      "integrity": "sha1-nDiA9IB6xfkFrcPVGwkY60lACB0="
    }
  }
}
